
Microsoft Visual Studio Solution File, Format Version 12.00
# Visual Studio Version 16
VisualStudioVersion = 16.0.29306.81
MinimumVisualStudioVersion = 10.0.40219.1
Project("{9A19103F-16F7-4668-BE54-9A1E7A4F7556}") = "DataMesh.Composites", "DataMesh.Composites\DataMesh.Composites.csproj", "{19A7F508-6FC5-4C29-811C-8169C03C3960}"
EndProject
Project("{9A19103F-16F7-4668-BE54-9A1E7A4F7556}") = "DataMesh.Composites.Tests", "DataMesh.Composites.Tests\DataMesh.Composites.Tests.csproj", "{58BD2FCB-70A9-46C2-B67F-DD2747E4FB4F}"
EndProject
Project("{9A19103F-16F7-4668-BE54-9A1E7A4F7556}") = "DataMesh.Composites.MongoDb", "DataMesh.Composites.MongoDb\DataMesh.Composites.MongoDb.csproj", "{D7D63604-EF06-48B2-9096-52CA64296474}"
EndProject
Project("{9A19103F-16F7-4668-BE54-9A1E7A4F7556}") = "DataMesh.Composites.MongoDb.Tests", "DataMesh.Composites.MongoDb.Tests\DataMesh.Composites.MongoDb.Tests.csproj", "{B738C4E3-6D98-47E9-B3AD-FB4223722D43}"
EndProject
Project("{2150E333-8FDC-42A3-9474-1A3956D46DE8}") = "MongoDb", "MongoDb", "{D4926758-516D-4E87-AE21-8BE7BAD3BBB2}"
EndProject
Project("{9A19103F-16F7-4668-BE54-9A1E7A4F7556}") = "DataMesh", "DataMesh\DataMesh.csproj", "{0ED1FDC0-A525-4702-A93B-D4D7FDE37217}"
EndProject
Project("{9A19103F-16F7-4668-BE54-9A1E7A4F7556}") = "DataMesh.TypeRegistry.WebService", "DataMesh.TypeRegistry.WebService\DataMesh.TypeRegistry.WebService.csproj", "{B716D55B-BE2A-4DF2-ABC7-21A7E5103831}"
EndProject
Project("{9A19103F-16F7-4668-BE54-9A1E7A4F7556}") = "DataMesh.WebClients", "DataMesh.WebClients\DataMesh.WebClients.csproj", "{2F39F74A-FAC3-4C4F-A8D5-40896503E51D}"
EndProject
Project("{2150E333-8FDC-42A3-9474-1A3956D46DE8}") = "WebClients", "WebClients", "{741372D3-26CC-4609-B1A7-83A8E1FF0F4B}"
EndProject
Project("{9A19103F-16F7-4668-BE54-9A1E7A4F7556}") = "DataMesh.WebClients.Tests", "DataMesh.WebClients.Tests\DataMesh.WebClients.Tests.csproj", "{7A9A7DE4-2708-43D3-8DF3-A4272954AC88}"
EndProject
Project("{9A19103F-16F7-4668-BE54-9A1E7A4F7556}") = "DataMesh.DataSourceRegistry.WebService", "DataMesh.DataSourceRegistry.WebService\DataMesh.DataSourceRegistry.WebService.csproj", "{749EDB7E-A614-4638-8782-700589765676}"
EndProject
Project("{2150E333-8FDC-42A3-9474-1A3956D46DE8}") = "DemoSources", "DemoSources", "{ED9C1304-9B00-4474-A945-66B59614FD0B}"
EndProject
Project("{9A19103F-16F7-4668-BE54-9A1E7A4F7556}") = "DataMesh.Demo.ItemProviderSource", "DataMesh.Demo.ItemProviderSource\DataMesh.Demo.ItemProviderSource.csproj", "{A25B4AF8-DC64-47DA-B53C-43CBB84E770F}"
EndProject
Project("{2150E333-8FDC-42A3-9474-1A3956D46DE8}") = "DataMesh Web Services", "DataMesh Web Services", "{50B29445-5F97-4797-BF2B-C733A9DD510F}"
EndProject
Project("{FAE04EC0-301F-11D3-BF4B-00C04F79EFBC}") = "DataMesh.Composites.WebService", "DataMesh.Composites.WebService\DataMesh.Composites.WebService.csproj", "{D682F961-4F5B-41EF-AB9D-D474807EFD18}"
EndProject
Global
	GlobalSection(SolutionConfigurationPlatforms) = preSolution
		Debug|Any CPU = Debug|Any CPU
		Release|Any CPU = Release|Any CPU
	EndGlobalSection
	GlobalSection(ProjectConfigurationPlatforms) = postSolution
		{19A7F508-6FC5-4C29-811C-8169C03C3960}.Debug|Any CPU.ActiveCfg = Debug|Any CPU
		{19A7F508-6FC5-4C29-811C-8169C03C3960}.Debug|Any CPU.Build.0 = Debug|Any CPU
		{19A7F508-6FC5-4C29-811C-8169C03C3960}.Release|Any CPU.ActiveCfg = Release|Any CPU
		{19A7F508-6FC5-4C29-811C-8169C03C3960}.Release|Any CPU.Build.0 = Release|Any CPU
		{58BD2FCB-70A9-46C2-B67F-DD2747E4FB4F}.Debug|Any CPU.ActiveCfg = Debug|Any CPU
		{58BD2FCB-70A9-46C2-B67F-DD2747E4FB4F}.Debug|Any CPU.Build.0 = Debug|Any CPU
		{58BD2FCB-70A9-46C2-B67F-DD2747E4FB4F}.Release|Any CPU.ActiveCfg = Release|Any CPU
		{58BD2FCB-70A9-46C2-B67F-DD2747E4FB4F}.Release|Any CPU.Build.0 = Release|Any CPU
		{D7D63604-EF06-48B2-9096-52CA64296474}.Debug|Any CPU.ActiveCfg = Debug|Any CPU
		{D7D63604-EF06-48B2-9096-52CA64296474}.Debug|Any CPU.Build.0 = Debug|Any CPU
		{D7D63604-EF06-48B2-9096-52CA64296474}.Release|Any CPU.ActiveCfg = Release|Any CPU
		{D7D63604-EF06-48B2-9096-52CA64296474}.Release|Any CPU.Build.0 = Release|Any CPU
		{B738C4E3-6D98-47E9-B3AD-FB4223722D43}.Debug|Any CPU.ActiveCfg = Debug|Any CPU
		{B738C4E3-6D98-47E9-B3AD-FB4223722D43}.Debug|Any CPU.Build.0 = Debug|Any CPU
		{B738C4E3-6D98-47E9-B3AD-FB4223722D43}.Release|Any CPU.ActiveCfg = Release|Any CPU
		{B738C4E3-6D98-47E9-B3AD-FB4223722D43}.Release|Any CPU.Build.0 = Release|Any CPU
		{0ED1FDC0-A525-4702-A93B-D4D7FDE37217}.Debug|Any CPU.ActiveCfg = Debug|Any CPU
		{0ED1FDC0-A525-4702-A93B-D4D7FDE37217}.Debug|Any CPU.Build.0 = Debug|Any CPU
		{0ED1FDC0-A525-4702-A93B-D4D7FDE37217}.Release|Any CPU.ActiveCfg = Release|Any CPU
		{0ED1FDC0-A525-4702-A93B-D4D7FDE37217}.Release|Any CPU.Build.0 = Release|Any CPU
		{B716D55B-BE2A-4DF2-ABC7-21A7E5103831}.Debug|Any CPU.ActiveCfg = Debug|Any CPU
		{B716D55B-BE2A-4DF2-ABC7-21A7E5103831}.Debug|Any CPU.Build.0 = Debug|Any CPU
		{B716D55B-BE2A-4DF2-ABC7-21A7E5103831}.Release|Any CPU.ActiveCfg = Release|Any CPU
		{B716D55B-BE2A-4DF2-ABC7-21A7E5103831}.Release|Any CPU.Build.0 = Release|Any CPU
		{2F39F74A-FAC3-4C4F-A8D5-40896503E51D}.Debug|Any CPU.ActiveCfg = Debug|Any CPU
		{2F39F74A-FAC3-4C4F-A8D5-40896503E51D}.Debug|Any CPU.Build.0 = Debug|Any CPU
		{2F39F74A-FAC3-4C4F-A8D5-40896503E51D}.Release|Any CPU.ActiveCfg = Release|Any CPU
		{2F39F74A-FAC3-4C4F-A8D5-40896503E51D}.Release|Any CPU.Build.0 = Release|Any CPU
		{7A9A7DE4-2708-43D3-8DF3-A4272954AC88}.Debug|Any CPU.ActiveCfg = Debug|Any CPU
		{7A9A7DE4-2708-43D3-8DF3-A4272954AC88}.Debug|Any CPU.Build.0 = Debug|Any CPU
		{7A9A7DE4-2708-43D3-8DF3-A4272954AC88}.Release|Any CPU.ActiveCfg = Release|Any CPU
		{7A9A7DE4-2708-43D3-8DF3-A4272954AC88}.Release|Any CPU.Build.0 = Release|Any CPU
		{749EDB7E-A614-4638-8782-700589765676}.Debug|Any CPU.ActiveCfg = Debug|Any CPU
		{749EDB7E-A614-4638-8782-700589765676}.Debug|Any CPU.Build.0 = Debug|Any CPU
		{749EDB7E-A614-4638-8782-700589765676}.Release|Any CPU.ActiveCfg = Release|Any CPU
		{749EDB7E-A614-4638-8782-700589765676}.Release|Any CPU.Build.0 = Release|Any CPU
		{A25B4AF8-DC64-47DA-B53C-43CBB84E770F}.Debug|Any CPU.ActiveCfg = Debug|Any CPU
		{A25B4AF8-DC64-47DA-B53C-43CBB84E770F}.Debug|Any CPU.Build.0 = Debug|Any CPU
		{A25B4AF8-DC64-47DA-B53C-43CBB84E770F}.Release|Any CPU.ActiveCfg = Release|Any CPU
		{A25B4AF8-DC64-47DA-B53C-43CBB84E770F}.Release|Any CPU.Build.0 = Release|Any CPU
		{D682F961-4F5B-41EF-AB9D-D474807EFD18}.Debug|Any CPU.ActiveCfg = Debug|Any CPU
		{D682F961-4F5B-41EF-AB9D-D474807EFD18}.Debug|Any CPU.Build.0 = Debug|Any CPU
		{D682F961-4F5B-41EF-AB9D-D474807EFD18}.Release|Any CPU.ActiveCfg = Release|Any CPU
		{D682F961-4F5B-41EF-AB9D-D474807EFD18}.Release|Any CPU.Build.0 = Release|Any CPU
	EndGlobalSection
	GlobalSection(SolutionProperties) = preSolution
		HideSolutionNode = FALSE
	EndGlobalSection
	GlobalSection(NestedProjects) = preSolution
		{D7D63604-EF06-48B2-9096-52CA64296474} = {D4926758-516D-4E87-AE21-8BE7BAD3BBB2}
		{B738C4E3-6D98-47E9-B3AD-FB4223722D43} = {D4926758-516D-4E87-AE21-8BE7BAD3BBB2}
		{B716D55B-BE2A-4DF2-ABC7-21A7E5103831} = {50B29445-5F97-4797-BF2B-C733A9DD510F}
		{2F39F74A-FAC3-4C4F-A8D5-40896503E51D} = {741372D3-26CC-4609-B1A7-83A8E1FF0F4B}
		{7A9A7DE4-2708-43D3-8DF3-A4272954AC88} = {741372D3-26CC-4609-B1A7-83A8E1FF0F4B}
		{749EDB7E-A614-4638-8782-700589765676} = {50B29445-5F97-4797-BF2B-C733A9DD510F}
		{A25B4AF8-DC64-47DA-B53C-43CBB84E770F} = {ED9C1304-9B00-4474-A945-66B59614FD0B}
		{D682F961-4F5B-41EF-AB9D-D474807EFD18} = {50B29445-5F97-4797-BF2B-C733A9DD510F}
	EndGlobalSection
	GlobalSection(ExtensibilityGlobals) = postSolution
		SolutionGuid = {75AB80F7-61DE-4782-B5E1-0882D93D6110}
	EndGlobalSection
EndGlobal
